
Microsoft Visual Studio Solution File, Format Version 12.00
# Visual Studio Version 16
VisualStudioVersion = 16.0.30611.23
MinimumVisualStudioVersion = 10.0.40219.1
Project("{FAE04EC0-301F-11D3-BF4B-00C04F79EFBC}") = "Barbu_Nicoleta_Lab7", "Barbu_Nicoleta_Lab7.csproj", "{890957FB-B138-4F90-A920-D924D672E1FC}"
EndProject
Project("{FAE04EC0-301F-11D3-BF4B-00C04F79EFBC}") = "AutoLotModel", "AutoLotModel\AutoLotModel.csproj", "{5EDD16E5-072C-4C64-A723-0D77D210BC65}"
EndProject
Global
	GlobalSection(SolutionConfigurationPlatforms) = preSolution
		Debug|Any CPU = Debug|Any CPU
		Release|Any CPU = Release|Any CPU
	EndGlobalSection
	GlobalSection(ProjectConfigurationPlatforms) = postSolution
		{890957FB-B138-4F90-A920-D924D672E1FC}.Debug|Any CPU.ActiveCfg = Debug|Any CPU
		{890957FB-B138-4F90-A920-D924D672E1FC}.Debug|Any CPU.Build.0 = Debug|Any CPU
		{890957FB-B138-4F90-A920-D924D672E1FC}.Release|Any CPU.ActiveCfg = Release|Any CPU
		{890957FB-B138-4F90-A920-D924D672E1FC}.Release|Any CPU.Build.0 = Release|Any CPU
		{5EDD16E5-072C-4C64-A723-0D77D210BC65}.Debug|Any CPU.ActiveCfg = Debug|Any CPU
		{5EDD16E5-072C-4C64-A723-0D77D210BC65}.Debug|Any CPU.Build.0 = Debug|Any CPU
		{5EDD16E5-072C-4C64-A723-0D77D210BC65}.Release|Any CPU.ActiveCfg = Release|Any CPU
		{5EDD16E5-072C-4C64-A723-0D77D210BC65}.Release|Any CPU.Build.0 = Release|Any CPU
	EndGlobalSection
	GlobalSection(SolutionProperties) = preSolution
		HideSolutionNode = FALSE
	EndGlobalSection
	GlobalSection(ExtensibilityGlobals) = postSolution
		SolutionGuid = {B714B8A0-805A-43DC-9D68-3E7DE95CC19C}
	EndGlobalSection
EndGlobal
